
Microsoft Visual Studio Solution File, Format Version 12.00
# Visual Studio Version 17
VisualStudioVersion = 17.7.34024.191
MinimumVisualStudioVersion = 10.0.40219.1
Project("{FAE04EC0-301F-11D3-BF4B-00C04F79EFBC}") = "JosephConsoleApp1", "JosephConsoleApp1\JosephConsoleApp1.csproj", "{0173AA3F-5CB4-495C-A1C9-FF841E0F3A71}"
EndProject
Global
	GlobalSection(SolutionConfigurationPlatforms) = preSolution
		Debug|Any CPU = Debug|Any CPU
		Release|Any CPU = Release|Any CPU
	EndGlobalSection
	GlobalSection(ProjectConfigurationPlatforms) = postSolution
		{0173AA3F-5CB4-495C-A1C9-FF841E0F3A71}.Debug|Any CPU.ActiveCfg = Debug|Any CPU
		{0173AA3F-5CB4-495C-A1C9-FF841E0F3A71}.Debug|Any CPU.Build.0 = Debug|Any CPU
		{0173AA3F-5CB4-495C-A1C9-FF841E0F3A71}.Release|Any CPU.ActiveCfg = Release|Any CPU
		{0173AA3F-5CB4-495C-A1C9-FF841E0F3A71}.Release|Any CPU.Build.0 = Release|Any CPU
	EndGlobalSection
	GlobalSection(SolutionProperties) = preSolution
		HideSolutionNode = FALSE
	EndGlobalSection
	GlobalSection(ExtensibilityGlobals) = postSolution
		SolutionGuid = {7368156A-20BF-46A4-9974-B28E0FDE72A8}
	EndGlobalSection
EndGlobal
